{
    "hash": "9a70c22005888c6e5c2a3f3a38f3f6b1",
    "packages": [
        {
            "package": "doctrine/common",
            "version": "dev-master",
            "alias-pretty-version": "2.3.x-dev",
            "alias-version": "2.3.9999999.9999999-dev"
        },
        {
            "package": "doctrine/common",
            "version": "dev-master",
            "source-reference": "b3afbb80506d909743475c5b0904285ab0c07941",
            "commit-date": "1341670930"
        },
        {
            "package": "guzzle/guzzle",
            "version": "dev-master",
            "source-reference": "c8b3c4c3d07c3469dd7bfc758e1e631a723e3bb7",
            "commit-date": "1341812348"
        },
        {
            "package": "monolog/monolog",
            "version": "dev-master",
            "source-reference": "6cbdc0410c08fb03d7eee6b69126661fcbb89c41",
            "commit-date": "1340715384"
        },
        {
            "package": "symfony/event-dispatcher",
            "version": "dev-master",
            "alias-pretty-version": "2.1.x-dev",
            "alias-version": "2.1.9999999.9999999-dev"
        },
        {
            "package": "symfony/event-dispatcher",
            "version": "dev-master",
            "alias-pretty-version": "2.1.x-dev",
            "alias-version": "2.1.9999999.9999999-dev"
        },
        {
            "package": "symfony/event-dispatcher",
            "version": "dev-master",
            "source-reference": "0dc437f2eca7dea19facfde6db7f7f5e8e71d0bc",
            "commit-date": "1341838460"
        },
        {
            "package": "symfony/http-foundation",
            "version": "dev-master",
            "alias-pretty-version": "2.1.x-dev",
            "alias-version": "2.1.9999999.9999999-dev"
        },
        {
            "package": "symfony/http-foundation",
            "version": "dev-master",
            "source-reference": "985f3aa6c9f8074b2d1a12345e0768f8c24aa72d",
            "commit-date": "1341838460"
        }
    ],
    "packages-dev": null,
    "aliases": [

    ],
    "minimum-stability": "dev",
    "stability-flags": [

    ]
}
