{
    "hash": "9cfbaef082bb2bf52a187afe2b4e0dbe",
    "packages": [
        {
            "package": "doctrine/common",
            "version": "dev-master",
            "source-reference": "d2f8a36b8696b446bf25cfe2b0b3aaf03e0835e6",
            "commit-date": "1341088911"
        },
        {
            "package": "guzzle/guzzle",
            "version": "dev-master",
            "source-reference": "v2.7.2",
            "commit-date": "1341263077"
        },
        {
            "package": "monolog/monolog",
            "version": "dev-master",
            "source-reference": "6cbdc0410c08fb03d7eee6b69126661fcbb89c41",
            "commit-date": "1340715384"
        },
        {
            "package": "symfony/event-dispatcher",
            "version": "dev-master",
            "alias-pretty-version": "2.1.x-dev",
            "alias-version": "2.1.9999999.9999999-dev"
        },
        {
            "package": "symfony/event-dispatcher",
            "version": "dev-master",
            "source-reference": "v2.1.0-BETA1",
            "commit-date": "1338018513"
        },
        {
            "package": "symfony/http-foundation",
            "version": "dev-master",
            "source-reference": "3e53f0a9f802dc1f34a722109df0b0d2679671a8",
            "commit-date": "1341379664"
        }
    ],
    "packages-dev": [
        {
            "package": "fabpot/php-cs-fixer",
            "version": "dev-master",
            "source-reference": "c82687f8a69b7e3f0f752a12c0c3ae4a2c765187",
            "commit-date": "1341075854"
        },
        {
            "package": "nikic/php-parser",
            "version": "dev-master",
            "source-reference": "4972124468f223c8508950569367ec3f0a208a61",
            "commit-date": "1339172377"
        },
        {
            "package": "pimple/pimple",
            "version": "1.0.0"
        },
        {
            "package": "sami/sami",
            "version": "dev-master",
            "source-reference": "50a0421aaf07a63c0423c7f975a76e7908112e53",
            "commit-date": "1340606243"
        },
        {
            "package": "symfony/console",
            "version": "dev-master",
            "alias-pretty-version": "2.1.x-dev",
            "alias-version": "2.1.9999999.9999999-dev"
        },
        {
            "package": "symfony/console",
            "version": "dev-master",
            "source-reference": "808bf42b4b74c12e6c6a6a9750688035f1c49f9c",
            "commit-date": "1340543161"
        },
        {
            "package": "symfony/filesystem",
            "version": "dev-master",
            "alias-pretty-version": "2.1.x-dev",
            "alias-version": "2.1.9999999.9999999-dev"
        },
        {
            "package": "symfony/filesystem",
            "version": "dev-master",
            "source-reference": "v2.1.0-BETA1",
            "commit-date": "1340092395"
        },
        {
            "package": "symfony/finder",
            "version": "dev-master",
            "alias-pretty-version": "2.1.x-dev",
            "alias-version": "2.1.9999999.9999999-dev"
        },
        {
            "package": "symfony/finder",
            "version": "dev-master",
            "source-reference": "4d6a965beae234bd0fa7f61681bd8a54df60f042",
            "commit-date": "1341212719"
        },
        {
            "package": "symfony/process",
            "version": "dev-master",
            "alias-pretty-version": "2.1.x-dev",
            "alias-version": "2.1.9999999.9999999-dev"
        },
        {
            "package": "symfony/process",
            "version": "dev-master",
            "source-reference": "abbb6c9a4fcbd070af4e6296753d449dcd4723aa",
            "commit-date": "1341334717"
        },
        {
            "package": "symfony/yaml",
            "version": "dev-master",
            "alias-pretty-version": "2.1.x-dev",
            "alias-version": "2.1.9999999.9999999-dev"
        },
        {
            "package": "symfony/yaml",
            "version": "dev-master",
            "source-reference": "fa301d6bd6d2538b48fbf668879d6e052ed9caad",
            "commit-date": "1341134393"
        },
        {
            "package": "twig/twig",
            "version": "dev-master",
            "alias-pretty-version": "1.8.x-dev",
            "alias-version": "1.8.9999999.9999999-dev"
        },
        {
            "package": "twig/twig",
            "version": "dev-master",
            "source-reference": "73da773aaad0f97f2e967ec8241b8adf7b1e03d2",
            "commit-date": "1340890758"
        }
    ],
    "aliases": [

    ],
    "minimum-stability": "dev",
    "stability-flags": [

    ]
}
